
Microsoft Visual Studio Solution File, Format Version 12.00
# Visual Studio 2012
Project("{FAE04EC0-301F-11D3-BF4B-00C04F79EFBC}") = "Shop", "Shop\Shop.csproj", "{02FDFDC6-948C-49B5-A6A1-AD21D4094855}"
EndProject
Project("{FAE04EC0-301F-11D3-BF4B-00C04F79EFBC}") = "Shop.Services.Security", "Shop.Services.Security\Shop.Services.Security.csproj", "{898725A4-9CB6-47A9-AF3F-F8F25562F2A4}"
EndProject
Project("{2150E333-8FDC-42A3-9474-1A3956D46DE8}") = ".nuget", ".nuget", "{8E8A4B74-8A5C-45FE-98BD-F000ED0796AC}"
	ProjectSection(SolutionItems) = preProject
		.nuget\NuGet.Config = .nuget\NuGet.Config
		.nuget\NuGet.exe = .nuget\NuGet.exe
		.nuget\NuGet.targets = .nuget\NuGet.targets
	EndProjectSection
EndProject
Project("{FAE04EC0-301F-11D3-BF4B-00C04F79EFBC}") = "Shop.Services.Domain", "Shop.Services.Domain\Shop.Services.Domain.csproj", "{2EE90E93-1038-483C-A484-3DB44C79CB61}"
EndProject
Global
	GlobalSection(SolutionConfigurationPlatforms) = preSolution
		Debug|Any CPU = Debug|Any CPU
		Release|Any CPU = Release|Any CPU
	EndGlobalSection
	GlobalSection(ProjectConfigurationPlatforms) = postSolution
		{02FDFDC6-948C-49B5-A6A1-AD21D4094855}.Debug|Any CPU.ActiveCfg = Debug|Any CPU
		{02FDFDC6-948C-49B5-A6A1-AD21D4094855}.Debug|Any CPU.Build.0 = Debug|Any CPU
		{02FDFDC6-948C-49B5-A6A1-AD21D4094855}.Release|Any CPU.ActiveCfg = Release|Any CPU
		{02FDFDC6-948C-49B5-A6A1-AD21D4094855}.Release|Any CPU.Build.0 = Release|Any CPU
		{898725A4-9CB6-47A9-AF3F-F8F25562F2A4}.Debug|Any CPU.ActiveCfg = Debug|Any CPU
		{898725A4-9CB6-47A9-AF3F-F8F25562F2A4}.Debug|Any CPU.Build.0 = Debug|Any CPU
		{898725A4-9CB6-47A9-AF3F-F8F25562F2A4}.Release|Any CPU.ActiveCfg = Release|Any CPU
		{898725A4-9CB6-47A9-AF3F-F8F25562F2A4}.Release|Any CPU.Build.0 = Release|Any CPU
		{2EE90E93-1038-483C-A484-3DB44C79CB61}.Debug|Any CPU.ActiveCfg = Debug|Any CPU
		{2EE90E93-1038-483C-A484-3DB44C79CB61}.Debug|Any CPU.Build.0 = Debug|Any CPU
		{2EE90E93-1038-483C-A484-3DB44C79CB61}.Release|Any CPU.ActiveCfg = Release|Any CPU
		{2EE90E93-1038-483C-A484-3DB44C79CB61}.Release|Any CPU.Build.0 = Release|Any CPU
	EndGlobalSection
	GlobalSection(SolutionProperties) = preSolution
		HideSolutionNode = FALSE
	EndGlobalSection
EndGlobal
