
Microsoft Visual Studio Solution File, Format Version 12.00
# Visual Studio 2012
Project("{FAE04EC0-301F-11D3-BF4B-00C04F79EFBC}") = "Shop", "Shop\Shop.csproj", "{02FDFDC6-948C-49B5-A6A1-AD21D4094855}"
EndProject
Project("{FAE04EC0-301F-11D3-BF4B-00C04F79EFBC}") = "Shop.Services.Security", "Shop.Services.Security\Shop.Services.Security.csproj", "{898725A4-9CB6-47A9-AF3F-F8F25562F2A4}"
EndProject
Global
	GlobalSection(SolutionConfigurationPlatforms) = preSolution
		Debug|Any CPU = Debug|Any CPU
		Release|Any CPU = Release|Any CPU
	EndGlobalSection
	GlobalSection(ProjectConfigurationPlatforms) = postSolution
		{02FDFDC6-948C-49B5-A6A1-AD21D4094855}.Debug|Any CPU.ActiveCfg = Debug|Any CPU
		{02FDFDC6-948C-49B5-A6A1-AD21D4094855}.Debug|Any CPU.Build.0 = Debug|Any CPU
		{02FDFDC6-948C-49B5-A6A1-AD21D4094855}.Release|Any CPU.ActiveCfg = Release|Any CPU
		{02FDFDC6-948C-49B5-A6A1-AD21D4094855}.Release|Any CPU.Build.0 = Release|Any CPU
		{898725A4-9CB6-47A9-AF3F-F8F25562F2A4}.Debug|Any CPU.ActiveCfg = Debug|Any CPU
		{898725A4-9CB6-47A9-AF3F-F8F25562F2A4}.Debug|Any CPU.Build.0 = Debug|Any CPU
		{898725A4-9CB6-47A9-AF3F-F8F25562F2A4}.Release|Any CPU.ActiveCfg = Release|Any CPU
		{898725A4-9CB6-47A9-AF3F-F8F25562F2A4}.Release|Any CPU.Build.0 = Release|Any CPU
	EndGlobalSection
	GlobalSection(SolutionProperties) = preSolution
		HideSolutionNode = FALSE
	EndGlobalSection
EndGlobal
