
Microsoft Visual Studio Solution File, Format Version 12.00
# Visual Studio 2012
Project("{FAE04EC0-301F-11D3-BF4B-00C04F79EFBC}") = "Shop", "Shop\Shop.csproj", "{651C963B-868B-4646-BF15-97F1AB0A4F07}"
EndProject
Project("{2150E333-8FDC-42A3-9474-1A3956D46DE8}") = ".nuget", ".nuget", "{ED0241BC-1CA2-4A1A-BFC0-C9BD31145957}"
	ProjectSection(SolutionItems) = preProject
		.nuget\NuGet.Config = .nuget\NuGet.Config
		.nuget\NuGet.exe = .nuget\NuGet.exe
		.nuget\NuGet.targets = .nuget\NuGet.targets
	EndProjectSection
EndProject
Project("{FAE04EC0-301F-11D3-BF4B-00C04F79EFBC}") = "Shop.Services.Infrastructure", "Shop.Services.Infrastructure\Shop.Services.Infrastructure.csproj", "{C8F072A9-D47B-432F-B1C1-2EC19EE95803}"
EndProject
Project("{FAE04EC0-301F-11D3-BF4B-00C04F79EFBC}") = "Shop.Tests", "Shop.Tests\Shop.Tests.csproj", "{44ECA65C-1DC4-46C4-AD1F-621CC1BBA793}"
EndProject
Project("{FAE04EC0-301F-11D3-BF4B-00C04F79EFBC}") = "Shop.Domain", "Shop.Domain\Shop.Domain.csproj", "{F7AFF660-E7F5-4C1D-BE3B-EE3D30F3B612}"
EndProject
Project("{FAE04EC0-301F-11D3-BF4B-00C04F79EFBC}") = "Shop.EntityFramework", "Shop.EntityFramework\Shop.EntityFramework.csproj", "{630B82BB-ACA6-4DE9-BE21-0E8B31376FFB}"
EndProject
Global
	GlobalSection(SolutionConfigurationPlatforms) = preSolution
		Debug|Any CPU = Debug|Any CPU
		Release|Any CPU = Release|Any CPU
	EndGlobalSection
	GlobalSection(ProjectConfigurationPlatforms) = postSolution
		{651C963B-868B-4646-BF15-97F1AB0A4F07}.Debug|Any CPU.ActiveCfg = Debug|Any CPU
		{651C963B-868B-4646-BF15-97F1AB0A4F07}.Debug|Any CPU.Build.0 = Debug|Any CPU
		{651C963B-868B-4646-BF15-97F1AB0A4F07}.Release|Any CPU.ActiveCfg = Release|Any CPU
		{651C963B-868B-4646-BF15-97F1AB0A4F07}.Release|Any CPU.Build.0 = Release|Any CPU
		{C8F072A9-D47B-432F-B1C1-2EC19EE95803}.Debug|Any CPU.ActiveCfg = Debug|Any CPU
		{C8F072A9-D47B-432F-B1C1-2EC19EE95803}.Debug|Any CPU.Build.0 = Debug|Any CPU
		{C8F072A9-D47B-432F-B1C1-2EC19EE95803}.Release|Any CPU.ActiveCfg = Release|Any CPU
		{C8F072A9-D47B-432F-B1C1-2EC19EE95803}.Release|Any CPU.Build.0 = Release|Any CPU
		{44ECA65C-1DC4-46C4-AD1F-621CC1BBA793}.Debug|Any CPU.ActiveCfg = Debug|Any CPU
		{44ECA65C-1DC4-46C4-AD1F-621CC1BBA793}.Debug|Any CPU.Build.0 = Debug|Any CPU
		{44ECA65C-1DC4-46C4-AD1F-621CC1BBA793}.Release|Any CPU.ActiveCfg = Release|Any CPU
		{44ECA65C-1DC4-46C4-AD1F-621CC1BBA793}.Release|Any CPU.Build.0 = Release|Any CPU
		{F7AFF660-E7F5-4C1D-BE3B-EE3D30F3B612}.Debug|Any CPU.ActiveCfg = Debug|Any CPU
		{F7AFF660-E7F5-4C1D-BE3B-EE3D30F3B612}.Debug|Any CPU.Build.0 = Debug|Any CPU
		{F7AFF660-E7F5-4C1D-BE3B-EE3D30F3B612}.Release|Any CPU.ActiveCfg = Release|Any CPU
		{F7AFF660-E7F5-4C1D-BE3B-EE3D30F3B612}.Release|Any CPU.Build.0 = Release|Any CPU
		{630B82BB-ACA6-4DE9-BE21-0E8B31376FFB}.Debug|Any CPU.ActiveCfg = Debug|Any CPU
		{630B82BB-ACA6-4DE9-BE21-0E8B31376FFB}.Debug|Any CPU.Build.0 = Debug|Any CPU
		{630B82BB-ACA6-4DE9-BE21-0E8B31376FFB}.Release|Any CPU.ActiveCfg = Release|Any CPU
		{630B82BB-ACA6-4DE9-BE21-0E8B31376FFB}.Release|Any CPU.Build.0 = Release|Any CPU
	EndGlobalSection
	GlobalSection(SolutionProperties) = preSolution
		HideSolutionNode = FALSE
	EndGlobalSection
EndGlobal
